// !$*UTF8*$!
{
	archiveVersion = 1;
	classes = {
	};
	objectVersion = 77;
	objects = {

/* Begin PBXBuildFile section */
		4D4019182CEE17CD00953487 /* MLX in Frameworks */ = {isa = PBXBuildFile; productRef = 4D4019172CEE17CD00953487 /* MLX */; };
		4D40191A2CEE17CD00953487 /* MLXFFT in Frameworks */ = {isa = PBXBuildFile; productRef = 4D4019192CEE17CD00953487 /* MLXFFT */; };
		4D40191C2CEE17CD00953487 /* MLXFast in Frameworks */ = {isa = PBXBuildFile; productRef = 4D40191B2CEE17CD00953487 /* MLXFast */; };
		4D40191E2CEE17CD00953487 /* MLXLinalg in Frameworks */ = {isa = PBXBuildFile; productRef = 4D40191D2CEE17CD00953487 /* MLXLinalg */; };
		4D4019202CEE17CD00953487 /* MLXNN in Frameworks */ = {isa = PBXBuildFile; productRef = 4D40191F2CEE17CD00953487 /* MLXNN */; };
		4D40193B2CEE1DDE00953487 /* MoshiLib.framework in Frameworks */ = {isa = PBXBuildFile; fileRef = 4D4019312CEE1DDD00953487 /* MoshiLib.framework */; };
		4D4019462CEE1DDE00953487 /* MoshiLib.framework in Frameworks */ = {isa = PBXBuildFile; fileRef = 4D4019312CEE1DDD00953487 /* MoshiLib.framework */; };
		4D4019472CEE1DDE00953487 /* MoshiLib.framework in Embed Frameworks */ = {isa = PBXBuildFile; fileRef = 4D4019312CEE1DDD00953487 /* MoshiLib.framework */; settings = {ATTRIBUTES = (CodeSignOnCopy, RemoveHeadersOnCopy, ); }; };
		4D4019522CEE1DFB00953487 /* MLX in Frameworks */ = {isa = PBXBuildFile; productRef = 4D4019512CEE1DFB00953487 /* MLX */; };
		4D4019542CEE1DFB00953487 /* MLXFast in Frameworks */ = {isa = PBXBuildFile; productRef = 4D4019532CEE1DFB00953487 /* MLXFast */; };
		4D4019562CEE1DFB00953487 /* MLXFFT in Frameworks */ = {isa = PBXBuildFile; productRef = 4D4019552CEE1DFB00953487 /* MLXFFT */; };
		4D4019582CEE1DFB00953487 /* MLXLinalg in Frameworks */ = {isa = PBXBuildFile; productRef = 4D4019572CEE1DFB00953487 /* MLXLinalg */; };
		4D40195A2CEE1DFB00953487 /* MLXNN in Frameworks */ = {isa = PBXBuildFile; productRef = 4D4019592CEE1DFB00953487 /* MLXNN */; };
		4D40195C2CEE1DFB00953487 /* MLXOptimizers in Frameworks */ = {isa = PBXBuildFile; productRef = 4D40195B2CEE1DFB00953487 /* MLXOptimizers */; };
		4D40195E2CEE1DFB00953487 /* MLXRandom in Frameworks */ = {isa = PBXBuildFile; productRef = 4D40195D2CEE1DFB00953487 /* MLXRandom */; };
		4D40195F2CEE1DFB00953487 /* MoshiLib.framework in Frameworks */ = {isa = PBXBuildFile; fileRef = 4D4019312CEE1DDD00953487 /* MoshiLib.framework */; };
		4D4019602CEE1DFB00953487 /* MoshiLib.framework in Embed Frameworks */ = {isa = PBXBuildFile; fileRef = 4D4019312CEE1DDD00953487 /* MoshiLib.framework */; settings = {ATTRIBUTES = (CodeSignOnCopy, RemoveHeadersOnCopy, ); }; };
		4D7E86F02CF9CE8700DAA2F0 /* Transformers in Frameworks */ = {isa = PBXBuildFile; productRef = 4D7E86EF2CF9CE8700DAA2F0 /* Transformers */; };
		4DA4FF5B2CEF13A00039339E /* MLX in Frameworks */ = {isa = PBXBuildFile; productRef = 4DA4FF5A2CEF13A00039339E /* MLX */; };
		4DA4FF5D2CEF13A00039339E /* MLXFast in Frameworks */ = {isa = PBXBuildFile; productRef = 4DA4FF5C2CEF13A00039339E /* MLXFast */; };
		4DA4FF5F2CEF13A00039339E /* MLXFFT in Frameworks */ = {isa = PBXBuildFile; productRef = 4DA4FF5E2CEF13A00039339E /* MLXFFT */; };
		4DA4FF612CEF13A00039339E /* MLXLinalg in Frameworks */ = {isa = PBXBuildFile; productRef = 4DA4FF602CEF13A00039339E /* MLXLinalg */; };
		4DA4FF632CEF13A00039339E /* MLXNN in Frameworks */ = {isa = PBXBuildFile; productRef = 4DA4FF622CEF13A00039339E /* MLXNN */; };
		4DA4FF652CEF13A00039339E /* MLXOptimizers in Frameworks */ = {isa = PBXBuildFile; productRef = 4DA4FF642CEF13A00039339E /* MLXOptimizers */; };
		4DA4FF672CEF13A00039339E /* MLXRandom in Frameworks */ = {isa = PBXBuildFile; productRef = 4DA4FF662CEF13A00039339E /* MLXRandom */; };
		4DA4FF692CEF162C0039339E /* ComplexModule in Frameworks */ = {isa = PBXBuildFile; productRef = 4DA4FF682CEF162C0039339E /* ComplexModule */; };
		4DA4FF6B2CEF162C0039339E /* Numerics in Frameworks */ = {isa = PBXBuildFile; productRef = 4DA4FF6A2CEF162C0039339E /* Numerics */; };
		4DA4FF6D2CEF162C0039339E /* RealModule in Frameworks */ = {isa = PBXBuildFile; productRef = 4DA4FF6C2CEF162C0039339E /* RealModule */; };
		4DA4FF6F2CEF17DA0039339E /* Numerics in Frameworks */ = {isa = PBXBuildFile; productRef = 4DA4FF6E2CEF17DA0039339E /* Numerics */; };
		4DA4FF712CEF183C0039339E /* ComplexModule in Frameworks */ = {isa = PBXBuildFile; productRef = 4DA4FF702CEF183C0039339E /* ComplexModule */; };
		4DA4FF732CEF18400039339E /* RealModule in Frameworks */ = {isa = PBXBuildFile; productRef = 4DA4FF722CEF18400039339E /* RealModule */; };
		4DA4FF762CEF199C0039339E /* Transformers in Frameworks */ = {isa = PBXBuildFile; productRef = 4DA4FF752CEF199C0039339E /* Transformers */; };
		4DC43DF82D15523800BD6CB3 /* ArgumentParser in Frameworks */ = {isa = PBXBuildFile; productRef = 4DC43DF72D15523800BD6CB3 /* ArgumentParser */; };
/* End PBXBuildFile section */

/* Begin PBXContainerItemProxy section */
		4D4018FA2CEE15B300953487 /* PBXContainerItemProxy */ = {
			isa = PBXContainerItemProxy;
			containerPortal = 4D4018E02CEE15B100953487 /* Project object */;
			proxyType = 1;
			remoteGlobalIDString = 4D4018E72CEE15B100953487;
			remoteInfo = moshi;
		};
		4D4019042CEE15B300953487 /* PBXContainerItemProxy */ = {
			isa = PBXContainerItemProxy;
			containerPortal = 4D4018E02CEE15B100953487 /* Project object */;
			proxyType = 1;
			remoteGlobalIDString = 4D4018E72CEE15B100953487;
			remoteInfo = moshi;
		};
		4D40193C2CEE1DDE00953487 /* PBXContainerItemProxy */ = {
			isa = PBXContainerItemProxy;
			containerPortal = 4D4018E02CEE15B100953487 /* Project object */;
			proxyType = 1;
			remoteGlobalIDString = 4D4019302CEE1DDD00953487;
			remoteInfo = "moshi-lib";
		};
		4D40193E2CEE1DDE00953487 /* PBXContainerItemProxy */ = {
			isa = PBXContainerItemProxy;
			containerPortal = 4D4018E02CEE15B100953487 /* Project object */;
			proxyType = 1;
			remoteGlobalIDString = 4D4018E72CEE15B100953487;
			remoteInfo = moshi;
		};
		4D4019442CEE1DDE00953487 /* PBXContainerItemProxy */ = {
			isa = PBXContainerItemProxy;
			containerPortal = 4D4018E02CEE15B100953487 /* Project object */;
			proxyType = 1;
			remoteGlobalIDString = 4D4019302CEE1DDD00953487;
			remoteInfo = "moshi-lib";
		};
		4D4019612CEE1DFB00953487 /* PBXContainerItemProxy */ = {
			isa = PBXContainerItemProxy;
			containerPortal = 4D4018E02CEE15B100953487 /* Project object */;
			proxyType = 1;
			remoteGlobalIDString = 4D4019302CEE1DDD00953487;
			remoteInfo = "moshi-lib";
		};
/* End PBXContainerItemProxy section */

/* Begin PBXCopyFilesBuildPhase section */
		4D4019232CEE1D8F00953487 /* CopyFiles */ = {
			isa = PBXCopyFilesBuildPhase;
			buildActionMask = 2147483647;
			dstPath = /usr/share/man/man1/;
			dstSubfolderSpec = 0;
			files = (
			);
			runOnlyForDeploymentPostprocessing = 1;
		};
		4D40194C2CEE1DDE00953487 /* Embed Frameworks */ = {
			isa = PBXCopyFilesBuildPhase;
			buildActionMask = 2147483647;
			dstPath = "";
			dstSubfolderSpec = 10;
			files = (
				4D4019472CEE1DDE00953487 /* MoshiLib.framework in Embed Frameworks */,
			);
			name = "Embed Frameworks";
			runOnlyForDeploymentPostprocessing = 0;
		};
		4D4019632CEE1DFB00953487 /* Embed Frameworks */ = {
			isa = PBXCopyFilesBuildPhase;
			buildActionMask = 2147483647;
			dstPath = "";
			dstSubfolderSpec = 10;
			files = (
				4D4019602CEE1DFB00953487 /* MoshiLib.framework in Embed Frameworks */,
			);
			name = "Embed Frameworks";
			runOnlyForDeploymentPostprocessing = 0;
		};
/* End PBXCopyFilesBuildPhase section */

/* Begin PBXFileReference section */
		4D4018E82CEE15B100953487 /* Moshi.app */ = {isa = PBXFileReference; explicitFileType = wrapper.application; includeInIndex = 0; path = Moshi.app; sourceTree = BUILT_PRODUCTS_DIR; };
		4D4018F92CEE15B300953487 /* MoshiTests.xctest */ = {isa = PBXFileReference; explicitFileType = wrapper.cfbundle; includeInIndex = 0; path = MoshiTests.xctest; sourceTree = BUILT_PRODUCTS_DIR; };
		4D4019032CEE15B300953487 /* MoshiUITests.xctest */ = {isa = PBXFileReference; explicitFileType = wrapper.cfbundle; includeInIndex = 0; path = MoshiUITests.xctest; sourceTree = BUILT_PRODUCTS_DIR; };
		4D4019252CEE1D8F00953487 /* MoshiCLI */ = {isa = PBXFileReference; explicitFileType = "compiled.mach-o.executable"; includeInIndex = 0; path = MoshiCLI; sourceTree = BUILT_PRODUCTS_DIR; };
		4D4019312CEE1DDD00953487 /* MoshiLib.framework */ = {isa = PBXFileReference; explicitFileType = wrapper.framework; includeInIndex = 0; path = MoshiLib.framework; sourceTree = BUILT_PRODUCTS_DIR; };
		4D40193A2CEE1DDE00953487 /* MoshiLibTests.xctest */ = {isa = PBXFileReference; explicitFileType = wrapper.cfbundle; includeInIndex = 0; path = MoshiLibTests.xctest; sourceTree = BUILT_PRODUCTS_DIR; };
/* End PBXFileReference section */

/* Begin PBXFileSystemSynchronizedBuildFileExceptionSet section */
		4D4019482CEE1DDE00953487 /* Exceptions for "MoshiLib" folder in "MoshiLib" target */ = {
			isa = PBXFileSystemSynchronizedBuildFileExceptionSet;
			publicHeaders = (
				MoshiLib.h,
			);
			target = 4D4019302CEE1DDD00953487 /* MoshiLib */;
		};
/* End PBXFileSystemSynchronizedBuildFileExceptionSet section */

/* Begin PBXFileSystemSynchronizedRootGroup section */
		4D4018EA2CEE15B100953487 /* Moshi */ = {
			isa = PBXFileSystemSynchronizedRootGroup;
			path = Moshi;
			sourceTree = "<group>";
		};
		4D4018FC2CEE15B300953487 /* MoshiTests */ = {
			isa = PBXFileSystemSynchronizedRootGroup;
			path = MoshiTests;
			sourceTree = "<group>";
		};
		4D4019062CEE15B300953487 /* MoshiUITests */ = {
			isa = PBXFileSystemSynchronizedRootGroup;
			path = MoshiUITests;
			sourceTree = "<group>";
		};
		4D4019262CEE1D8F00953487 /* MoshiCLI */ = {
			isa = PBXFileSystemSynchronizedRootGroup;
			path = MoshiCLI;
			sourceTree = "<group>";
		};
		4D4019322CEE1DDD00953487 /* MoshiLib */ = {
			isa = PBXFileSystemSynchronizedRootGroup;
			exceptions = (
				4D4019482CEE1DDE00953487 /* Exceptions for "MoshiLib" folder in "MoshiLib" target */,
			);
			path = MoshiLib;
			sourceTree = "<group>";
		};
		4D4019402CEE1DDE00953487 /* MoshiLibTests */ = {
			isa = PBXFileSystemSynchronizedRootGroup;
			path = MoshiLibTests;
			sourceTree = "<group>";
		};
/* End PBXFileSystemSynchronizedRootGroup section */

/* Begin PBXFrameworksBuildPhase section */
		4D4018E52CEE15B100953487 /* Frameworks */ = {
			isa = PBXFrameworksBuildPhase;
			buildActionMask = 2147483647;
			files = (
				4D40191C2CEE17CD00953487 /* MLXFast in Frameworks */,
				4D40191E2CEE17CD00953487 /* MLXLinalg in Frameworks */,
				4D4019182CEE17CD00953487 /* MLX in Frameworks */,
				4D4019202CEE17CD00953487 /* MLXNN in Frameworks */,
				4D40191A2CEE17CD00953487 /* MLXFFT in Frameworks */,
				4D4019462CEE1DDE00953487 /* MoshiLib.framework in Frameworks */,
			);
			runOnlyForDeploymentPostprocessing = 0;
		};
		4D4018F62CEE15B300953487 /* Frameworks */ = {
			isa = PBXFrameworksBuildPhase;
			buildActionMask = 2147483647;
			files = (
			);
			runOnlyForDeploymentPostprocessing = 0;
		};
		4D4019002CEE15B300953487 /* Frameworks */ = {
			isa = PBXFrameworksBuildPhase;
			buildActionMask = 2147483647;
			files = (
			);
			runOnlyForDeploymentPostprocessing = 0;
		};
		4D4019222CEE1D8F00953487 /* Frameworks */ = {
			isa = PBXFrameworksBuildPhase;
			buildActionMask = 2147483647;
			files = (
				4D40195C2CEE1DFB00953487 /* MLXOptimizers in Frameworks */,
				4DA4FF692CEF162C0039339E /* ComplexModule in Frameworks */,
				4D4019542CEE1DFB00953487 /* MLXFast in Frameworks */,
				4D4019582CEE1DFB00953487 /* MLXLinalg in Frameworks */,
				4DA4FF6B2CEF162C0039339E /* Numerics in Frameworks */,
				4D4019522CEE1DFB00953487 /* MLX in Frameworks */,
				4DC43DF82D15523800BD6CB3 /* ArgumentParser in Frameworks */,
				4D7E86F02CF9CE8700DAA2F0 /* Transformers in Frameworks */,
				4D40195A2CEE1DFB00953487 /* MLXNN in Frameworks */,
				4DA4FF6D2CEF162C0039339E /* RealModule in Frameworks */,
				4D40195F2CEE1DFB00953487 /* MoshiLib.framework in Frameworks */,
				4D4019562CEE1DFB00953487 /* MLXFFT in Frameworks */,
				4D40195E2CEE1DFB00953487 /* MLXRandom in Frameworks */,
			);
			runOnlyForDeploymentPostprocessing = 0;
		};
		4D40192E2CEE1DDD00953487 /* Frameworks */ = {
			isa = PBXFrameworksBuildPhase;
			buildActionMask = 2147483647;
			files = (
				4DA4FF5B2CEF13A00039339E /* MLX in Frameworks */,
				4DA4FF712CEF183C0039339E /* ComplexModule in Frameworks */,
				4DA4FF612CEF13A00039339E /* MLXLinalg in Frameworks */,
				4DA4FF632CEF13A00039339E /* MLXNN in Frameworks */,
				4DA4FF672CEF13A00039339E /* MLXRandom in Frameworks */,
				4DA4FF5D2CEF13A00039339E /* MLXFast in Frameworks */,
				4DA4FF652CEF13A00039339E /* MLXOptimizers in Frameworks */,
				4DA4FF762CEF199C0039339E /* Transformers in Frameworks */,
				4DA4FF6F2CEF17DA0039339E /* Numerics in Frameworks */,
				4DA4FF732CEF18400039339E /* RealModule in Frameworks */,
				4DA4FF5F2CEF13A00039339E /* MLXFFT in Frameworks */,
			);
			runOnlyForDeploymentPostprocessing = 0;
		};
		4D4019372CEE1DDE00953487 /* Frameworks */ = {
			isa = PBXFrameworksBuildPhase;
			buildActionMask = 2147483647;
			files = (
				4D40193B2CEE1DDE00953487 /* MoshiLib.framework in Frameworks */,
			);
			runOnlyForDeploymentPostprocessing = 0;
		};
/* End PBXFrameworksBuildPhase section */

/* Begin PBXGroup section */
		4D4018DF2CEE15B100953487 = {
			isa = PBXGroup;
			children = (
				4D4018EA2CEE15B100953487 /* Moshi */,
				4D4018FC2CEE15B300953487 /* MoshiTests */,
				4D4019062CEE15B300953487 /* MoshiUITests */,
				4D4019262CEE1D8F00953487 /* MoshiCLI */,
				4D4019322CEE1DDD00953487 /* MoshiLib */,
				4D4019402CEE1DDE00953487 /* MoshiLibTests */,
				4D4019502CEE1DFB00953487 /* Frameworks */,
				4D4018E92CEE15B100953487 /* Products */,
			);
			sourceTree = "<group>";
		};
		4D4018E92CEE15B100953487 /* Products */ = {
			isa = PBXGroup;
			children = (
				4D4018E82CEE15B100953487 /* Moshi.app */,
				4D4018F92CEE15B300953487 /* MoshiTests.xctest */,
				4D4019032CEE15B300953487 /* MoshiUITests.xctest */,
				4D4019252CEE1D8F00953487 /* MoshiCLI */,
				4D4019312CEE1DDD00953487 /* MoshiLib.framework */,
				4D40193A2CEE1DDE00953487 /* MoshiLibTests.xctest */,
			);
			name = Products;
			sourceTree = "<group>";
		};
		4D4019502CEE1DFB00953487 /* Frameworks */ = {
			isa = PBXGroup;
			children = (
			);
			name = Frameworks;
			sourceTree = "<group>";
		};
/* End PBXGroup section */

/* Begin PBXHeadersBuildPhase section */
		4D40192C2CEE1DDD00953487 /* Headers */ = {
			isa = PBXHeadersBuildPhase;
			buildActionMask = 2147483647;
			files = (
			);
			runOnlyForDeploymentPostprocessing = 0;
		};
/* End PBXHeadersBuildPhase section */

/* Begin PBXNativeTarget section */
		4D4018E72CEE15B100953487 /* Moshi */ = {
			isa = PBXNativeTarget;
			buildConfigurationList = 4D40190D2CEE15B300953487 /* Build configuration list for PBXNativeTarget "Moshi" */;
			buildPhases = (
				4D4018E42CEE15B100953487 /* Sources */,
				4D4018E52CEE15B100953487 /* Frameworks */,
				4D4018E62CEE15B100953487 /* Resources */,
				4D40194C2CEE1DDE00953487 /* Embed Frameworks */,
			);
			buildRules = (
			);
			dependencies = (
				4D4019452CEE1DDE00953487 /* PBXTargetDependency */,
			);
			fileSystemSynchronizedGroups = (
				4D4018EA2CEE15B100953487 /* Moshi */,
			);
			name = Moshi;
			packageProductDependencies = (
				4D4019172CEE17CD00953487 /* MLX */,
				4D4019192CEE17CD00953487 /* MLXFFT */,
				4D40191B2CEE17CD00953487 /* MLXFast */,
				4D40191D2CEE17CD00953487 /* MLXLinalg */,
				4D40191F2CEE17CD00953487 /* MLXNN */,
			);
			productName = moshi;
			productReference = 4D4018E82CEE15B100953487 /* Moshi.app */;
			productType = "com.apple.product-type.application";
		};
		4D4018F82CEE15B300953487 /* MoshiTests */ = {
			isa = PBXNativeTarget;
			buildConfigurationList = 4D4019102CEE15B300953487 /* Build configuration list for PBXNativeTarget "MoshiTests" */;
			buildPhases = (
				4D4018F52CEE15B300953487 /* Sources */,
				4D4018F62CEE15B300953487 /* Frameworks */,
				4D4018F72CEE15B300953487 /* Resources */,
			);
			buildRules = (
			);
			dependencies = (
				4D4018FB2CEE15B300953487 /* PBXTargetDependency */,
			);
			fileSystemSynchronizedGroups = (
				4D4018FC2CEE15B300953487 /* MoshiTests */,
			);
			name = MoshiTests;
			packageProductDependencies = (
			);
			productName = moshiTests;
			productReference = 4D4018F92CEE15B300953487 /* MoshiTests.xctest */;
			productType = "com.apple.product-type.bundle.unit-test";
		};
		4D4019022CEE15B300953487 /* MoshiUITests */ = {
			isa = PBXNativeTarget;
			buildConfigurationList = 4D4019132CEE15B300953487 /* Build configuration list for PBXNativeTarget "MoshiUITests" */;
			buildPhases = (
				4D4018FF2CEE15B300953487 /* Sources */,
				4D4019002CEE15B300953487 /* Frameworks */,
				4D4019012CEE15B300953487 /* Resources */,
			);
			buildRules = (
			);
			dependencies = (
				4D4019052CEE15B300953487 /* PBXTargetDependency */,
			);
			fileSystemSynchronizedGroups = (
				4D4019062CEE15B300953487 /* MoshiUITests */,
			);
			name = MoshiUITests;
			packageProductDependencies = (
			);
			productName = moshiUITests;
			productReference = 4D4019032CEE15B300953487 /* MoshiUITests.xctest */;
			productType = "com.apple.product-type.bundle.ui-testing";
		};
		4D4019242CEE1D8F00953487 /* MoshiCLI */ = {
			isa = PBXNativeTarget;
			buildConfigurationList = 4D4019292CEE1D8F00953487 /* Build configuration list for PBXNativeTarget "MoshiCLI" */;
			buildPhases = (
				4D4019212CEE1D8F00953487 /* Sources */,
				4D4019222CEE1D8F00953487 /* Frameworks */,
				4D4019232CEE1D8F00953487 /* CopyFiles */,
				4D4019632CEE1DFB00953487 /* Embed Frameworks */,
			);
			buildRules = (
			);
			dependencies = (
				4D4019622CEE1DFB00953487 /* PBXTargetDependency */,
			);
			fileSystemSynchronizedGroups = (
				4D4019262CEE1D8F00953487 /* MoshiCLI */,
			);
			name = MoshiCLI;
			packageProductDependencies = (
				4D4019512CEE1DFB00953487 /* MLX */,
				4D4019532CEE1DFB00953487 /* MLXFast */,
				4D4019552CEE1DFB00953487 /* MLXFFT */,
				4D4019572CEE1DFB00953487 /* MLXLinalg */,
				4D4019592CEE1DFB00953487 /* MLXNN */,
				4D40195B2CEE1DFB00953487 /* MLXOptimizers */,
				4D40195D2CEE1DFB00953487 /* MLXRandom */,
				4DA4FF682CEF162C0039339E /* ComplexModule */,
				4DA4FF6A2CEF162C0039339E /* Numerics */,
				4DA4FF6C2CEF162C0039339E /* RealModule */,
				4D7E86EF2CF9CE8700DAA2F0 /* Transformers */,
				4DC43DF72D15523800BD6CB3 /* ArgumentParser */,
			);
			productName = "moshi-cli";
			productReference = 4D4019252CEE1D8F00953487 /* MoshiCLI */;
			productType = "com.apple.product-type.tool";
		};
		4D4019302CEE1DDD00953487 /* MoshiLib */ = {
			isa = PBXNativeTarget;
			buildConfigurationList = 4D4019492CEE1DDE00953487 /* Build configuration list for PBXNativeTarget "MoshiLib" */;
			buildPhases = (
				4D40192C2CEE1DDD00953487 /* Headers */,
				4D40192D2CEE1DDD00953487 /* Sources */,
				4D40192E2CEE1DDD00953487 /* Frameworks */,
				4D40192F2CEE1DDD00953487 /* Resources */,
			);
			buildRules = (
			);
			dependencies = (
			);
			fileSystemSynchronizedGroups = (
				4D4019322CEE1DDD00953487 /* MoshiLib */,
			);
			name = MoshiLib;
			packageProductDependencies = (
				4DA4FF5A2CEF13A00039339E /* MLX */,
				4DA4FF5C2CEF13A00039339E /* MLXFast */,
				4DA4FF5E2CEF13A00039339E /* MLXFFT */,
				4DA4FF602CEF13A00039339E /* MLXLinalg */,
				4DA4FF622CEF13A00039339E /* MLXNN */,
				4DA4FF642CEF13A00039339E /* MLXOptimizers */,
				4DA4FF662CEF13A00039339E /* MLXRandom */,
				4DA4FF6E2CEF17DA0039339E /* Numerics */,
				4DA4FF702CEF183C0039339E /* ComplexModule */,
				4DA4FF722CEF18400039339E /* RealModule */,
				4DA4FF752CEF199C0039339E /* Transformers */,
			);
			productName = "moshi-lib";
			productReference = 4D4019312CEE1DDD00953487 /* MoshiLib.framework */;
			productType = "com.apple.product-type.framework";
		};
		4D4019392CEE1DDE00953487 /* MoshiLibTests */ = {
			isa = PBXNativeTarget;
			buildConfigurationList = 4D40194D2CEE1DDE00953487 /* Build configuration list for PBXNativeTarget "MoshiLibTests" */;
			buildPhases = (
				4D4019362CEE1DDE00953487 /* Sources */,
				4D4019372CEE1DDE00953487 /* Frameworks */,
				4D4019382CEE1DDE00953487 /* Resources */,
			);
			buildRules = (
			);
			dependencies = (
				4D40193D2CEE1DDE00953487 /* PBXTargetDependency */,
				4D40193F2CEE1DDE00953487 /* PBXTargetDependency */,
			);
			fileSystemSynchronizedGroups = (
				4D4019402CEE1DDE00953487 /* MoshiLibTests */,
			);
			name = MoshiLibTests;
			packageProductDependencies = (
			);
			productName = "moshi-libTests";
			productReference = 4D40193A2CEE1DDE00953487 /* MoshiLibTests.xctest */;
			productType = "com.apple.product-type.bundle.unit-test";
		};
/* End PBXNativeTarget section */

/* Begin PBXProject section */
		4D4018E02CEE15B100953487 /* Project object */ = {
			isa = PBXProject;
			attributes = {
				BuildIndependentTargetsInParallel = 1;
				LastSwiftUpdateCheck = 1610;
				LastUpgradeCheck = 1610;
				TargetAttributes = {
					4D4018E72CEE15B100953487 = {
						CreatedOnToolsVersion = 16.1;
					};
					4D4018F82CEE15B300953487 = {
						CreatedOnToolsVersion = 16.1;
						TestTargetID = 4D4018E72CEE15B100953487;
					};
					4D4019022CEE15B300953487 = {
						CreatedOnToolsVersion = 16.1;
						TestTargetID = 4D4018E72CEE15B100953487;
					};
					4D4019242CEE1D8F00953487 = {
						CreatedOnToolsVersion = 16.1;
					};
					4D4019302CEE1DDD00953487 = {
						CreatedOnToolsVersion = 16.1;
					};
					4D4019392CEE1DDE00953487 = {
						CreatedOnToolsVersion = 16.1;
						TestTargetID = 4D4018E72CEE15B100953487;
					};
				};
			};
			buildConfigurationList = 4D4018E32CEE15B100953487 /* Build configuration list for PBXProject "moshi" */;
			developmentRegion = en;
			hasScannedForEncodings = 0;
			knownRegions = (
				en,
				Base,
			);
			mainGroup = 4D4018DF2CEE15B100953487;
			minimizedProjectReferenceProxies = 1;
			packageReferences = (
				4D4019162CEE17CD00953487 /* XCRemoteSwiftPackageReference "mlx-swift" */,
				4DA4FF532CEF13740039339E /* XCRemoteSwiftPackageReference "swift-numerics" */,
				4DA4FF742CEF199C0039339E /* XCRemoteSwiftPackageReference "swift-transformers" */,
				4DC43DF62D15523800BD6CB3 /* XCRemoteSwiftPackageReference "swift-argument-parser" */,
			);
			preferredProjectObjectVersion = 77;
			productRefGroup = 4D4018E92CEE15B100953487 /* Products */;
			projectDirPath = "";
			projectRoot = "";
			targets = (
				4D4018E72CEE15B100953487 /* Moshi */,
				4D4018F82CEE15B300953487 /* MoshiTests */,
				4D4019022CEE15B300953487 /* MoshiUITests */,
				4D4019242CEE1D8F00953487 /* MoshiCLI */,
				4D4019302CEE1DDD00953487 /* MoshiLib */,
				4D4019392CEE1DDE00953487 /* MoshiLibTests */,
			);
		};
/* End PBXProject section */

/* Begin PBXResourcesBuildPhase section */
		4D4018E62CEE15B100953487 /* Resources */ = {
			isa = PBXResourcesBuildPhase;
			buildActionMask = 2147483647;
			files = (
			);
			runOnlyForDeploymentPostprocessing = 0;
		};
		4D4018F72CEE15B300953487 /* Resources */ = {
			isa = PBXResourcesBuildPhase;
			buildActionMask = 2147483647;
			files = (
			);
			runOnlyForDeploymentPostprocessing = 0;
		};
		4D4019012CEE15B300953487 /* Resources */ = {
			isa = PBXResourcesBuildPhase;
			buildActionMask = 2147483647;
			files = (
			);
			runOnlyForDeploymentPostprocessing = 0;
		};
		4D40192F2CEE1DDD00953487 /* Resources */ = {
			isa = PBXResourcesBuildPhase;
			buildActionMask = 2147483647;
			files = (
			);
			runOnlyForDeploymentPostprocessing = 0;
		};
		4D4019382CEE1DDE00953487 /* Resources */ = {
			isa = PBXResourcesBuildPhase;
			buildActionMask = 2147483647;
			files = (
			);
			runOnlyForDeploymentPostprocessing = 0;
		};
/* End PBXResourcesBuildPhase section */

/* Begin PBXSourcesBuildPhase section */
		4D4018E42CEE15B100953487 /* Sources */ = {
			isa = PBXSourcesBuildPhase;
			buildActionMask = 2147483647;
			files = (
			);
			runOnlyForDeploymentPostprocessing = 0;
		};
		4D4018F52CEE15B300953487 /* Sources */ = {
			isa = PBXSourcesBuildPhase;
			buildActionMask = 2147483647;
			files = (
			);
			runOnlyForDeploymentPostprocessing = 0;
		};
		4D4018FF2CEE15B300953487 /* Sources */ = {
			isa = PBXSourcesBuildPhase;
			buildActionMask = 2147483647;
			files = (
			);
			runOnlyForDeploymentPostprocessing = 0;
		};
		4D4019212CEE1D8F00953487 /* Sources */ = {
			isa = PBXSourcesBuildPhase;
			buildActionMask = 2147483647;
			files = (
			);
			runOnlyForDeploymentPostprocessing = 0;
		};
		4D40192D2CEE1DDD00953487 /* Sources */ = {
			isa = PBXSourcesBuildPhase;
			buildActionMask = 2147483647;
			files = (
			);
			runOnlyForDeploymentPostprocessing = 0;
		};
		4D4019362CEE1DDE00953487 /* Sources */ = {
			isa = PBXSourcesBuildPhase;
			buildActionMask = 2147483647;
			files = (
			);
			runOnlyForDeploymentPostprocessing = 0;
		};
/* End PBXSourcesBuildPhase section */

/* Begin PBXTargetDependency section */
		4D4018FB2CEE15B300953487 /* PBXTargetDependency */ = {
			isa = PBXTargetDependency;
			target = 4D4018E72CEE15B100953487 /* Moshi */;
			targetProxy = 4D4018FA2CEE15B300953487 /* PBXContainerItemProxy */;
		};
		4D4019052CEE15B300953487 /* PBXTargetDependency */ = {
			isa = PBXTargetDependency;
			target = 4D4018E72CEE15B100953487 /* Moshi */;
			targetProxy = 4D4019042CEE15B300953487 /* PBXContainerItemProxy */;
		};
		4D40193D2CEE1DDE00953487 /* PBXTargetDependency */ = {
			isa = PBXTargetDependency;
			target = 4D4019302CEE1DDD00953487 /* MoshiLib */;
			targetProxy = 4D40193C2CEE1DDE00953487 /* PBXContainerItemProxy */;
		};
		4D40193F2CEE1DDE00953487 /* PBXTargetDependency */ = {
			isa = PBXTargetDependency;
			target = 4D4018E72CEE15B100953487 /* Moshi */;
			targetProxy = 4D40193E2CEE1DDE00953487 /* PBXContainerItemProxy */;
		};
		4D4019452CEE1DDE00953487 /* PBXTargetDependency */ = {
			isa = PBXTargetDependency;
			target = 4D4019302CEE1DDD00953487 /* MoshiLib */;
			targetProxy = 4D4019442CEE1DDE00953487 /* PBXContainerItemProxy */;
		};
		4D4019622CEE1DFB00953487 /* PBXTargetDependency */ = {
			isa = PBXTargetDependency;
			target = 4D4019302CEE1DDD00953487 /* MoshiLib */;
			targetProxy = 4D4019612CEE1DFB00953487 /* PBXContainerItemProxy */;
		};
/* End PBXTargetDependency section */

/* Begin XCBuildConfiguration section */
		4D40190B2CEE15B300953487 /* Debug */ = {
			isa = XCBuildConfiguration;
			buildSettings = {
				ALWAYS_SEARCH_USER_PATHS = NO;
				ASSETCATALOG_COMPILER_GENERATE_SWIFT_ASSET_SYMBOL_EXTENSIONS = YES;
				CLANG_ANALYZER_NONNULL = YES;
				CLANG_ANALYZER_NUMBER_OBJECT_CONVERSION = YES_AGGRESSIVE;
				CLANG_CXX_LANGUAGE_STANDARD = "gnu++20";
				CLANG_ENABLE_MODULES = YES;
				CLANG_ENABLE_OBJC_ARC = YES;
				CLANG_ENABLE_OBJC_WEAK = YES;
				CLANG_WARN_BLOCK_CAPTURE_AUTORELEASING = YES;
				CLANG_WARN_BOOL_CONVERSION = YES;
				CLANG_WARN_COMMA = YES;
				CLANG_WARN_CONSTANT_CONVERSION = YES;
				CLANG_WARN_DEPRECATED_OBJC_IMPLEMENTATIONS = YES;
				CLANG_WARN_DIRECT_OBJC_ISA_USAGE = YES_ERROR;
				CLANG_WARN_DOCUMENTATION_COMMENTS = YES;
				CLANG_WARN_EMPTY_BODY = YES;
				CLANG_WARN_ENUM_CONVERSION = YES;
				CLANG_WARN_INFINITE_RECURSION = YES;
				CLANG_WARN_INT_CONVERSION = YES;
				CLANG_WARN_NON_LITERAL_NULL_CONVERSION = YES;
				CLANG_WARN_OBJC_IMPLICIT_RETAIN_SELF = YES;
				CLANG_WARN_OBJC_LITERAL_CONVERSION = YES;
				CLANG_WARN_OBJC_ROOT_CLASS = YES_ERROR;
				CLANG_WARN_QUOTED_INCLUDE_IN_FRAMEWORK_HEADER = YES;
				CLANG_WARN_RANGE_LOOP_ANALYSIS = YES;
				CLANG_WARN_STRICT_PROTOTYPES = YES;
				CLANG_WARN_SUSPICIOUS_MOVE = YES;
				CLANG_WARN_UNGUARDED_AVAILABILITY = YES_AGGRESSIVE;
				CLANG_WARN_UNREACHABLE_CODE = YES;
				CLANG_WARN__DUPLICATE_METHOD_MATCH = YES;
				COPY_PHASE_STRIP = NO;
				DEBUG_INFORMATION_FORMAT = dwarf;
				ENABLE_STRICT_OBJC_MSGSEND = YES;
				ENABLE_TESTABILITY = YES;
				ENABLE_USER_SCRIPT_SANDBOXING = YES;
				GCC_C_LANGUAGE_STANDARD = gnu17;
				GCC_DYNAMIC_NO_PIC = NO;
				GCC_NO_COMMON_BLOCKS = YES;
				GCC_OPTIMIZATION_LEVEL = 0;
				GCC_PREPROCESSOR_DEFINITIONS = (
					"DEBUG=1",
					"$(inherited)",
				);
				GCC_WARN_64_TO_32_BIT_CONVERSION = YES;
				GCC_WARN_ABOUT_RETURN_TYPE = YES_ERROR;
				GCC_WARN_UNDECLARED_SELECTOR = YES;
				GCC_WARN_UNINITIALIZED_AUTOS = YES_AGGRESSIVE;
				GCC_WARN_UNUSED_FUNCTION = YES;
				GCC_WARN_UNUSED_VARIABLE = YES;
				LOCALIZATION_PREFERS_STRING_CATALOGS = YES;
				MTL_ENABLE_DEBUG_INFO = INCLUDE_SOURCE;
				MTL_FAST_MATH = YES;
				ONLY_ACTIVE_ARCH = YES;
				SWIFT_ACTIVE_COMPILATION_CONDITIONS = "DEBUG $(inherited)";
				SWIFT_OPTIMIZATION_LEVEL = "-Onone";
			};
			name = Debug;
		};
		4D40190C2CEE15B300953487 /* Release */ = {
			isa = XCBuildConfiguration;
			buildSettings = {
				ALWAYS_SEARCH_USER_PATHS = NO;
				ASSETCATALOG_COMPILER_GENERATE_SWIFT_ASSET_SYMBOL_EXTENSIONS = YES;
				CLANG_ANALYZER_NONNULL = YES;
				CLANG_ANALYZER_NUMBER_OBJECT_CONVERSION = YES_AGGRESSIVE;
				CLANG_CXX_LANGUAGE_STANDARD = "gnu++20";
				CLANG_ENABLE_MODULES = YES;
				CLANG_ENABLE_OBJC_ARC = YES;
				CLANG_ENABLE_OBJC_WEAK = YES;
				CLANG_WARN_BLOCK_CAPTURE_AUTORELEASING = YES;
				CLANG_WARN_BOOL_CONVERSION = YES;
				CLANG_WARN_COMMA = YES;
				CLANG_WARN_CONSTANT_CONVERSION = YES;
				CLANG_WARN_DEPRECATED_OBJC_IMPLEMENTATIONS = YES;
				CLANG_WARN_DIRECT_OBJC_ISA_USAGE = YES_ERROR;
				CLANG_WARN_DOCUMENTATION_COMMENTS = YES;
				CLANG_WARN_EMPTY_BODY = YES;
				CLANG_WARN_ENUM_CONVERSION = YES;
				CLANG_WARN_INFINITE_RECURSION = YES;
				CLANG_WARN_INT_CONVERSION = YES;
				CLANG_WARN_NON_LITERAL_NULL_CONVERSION = YES;
				CLANG_WARN_OBJC_IMPLICIT_RETAIN_SELF = YES;
				CLANG_WARN_OBJC_LITERAL_CONVERSION = YES;
				CLANG_WARN_OBJC_ROOT_CLASS = YES_ERROR;
				CLANG_WARN_QUOTED_INCLUDE_IN_FRAMEWORK_HEADER = YES;
				CLANG_WARN_RANGE_LOOP_ANALYSIS = YES;
				CLANG_WARN_STRICT_PROTOTYPES = YES;
				CLANG_WARN_SUSPICIOUS_MOVE = YES;
				CLANG_WARN_UNGUARDED_AVAILABILITY = YES_AGGRESSIVE;
				CLANG_WARN_UNREACHABLE_CODE = YES;
				CLANG_WARN__DUPLICATE_METHOD_MATCH = YES;
				COPY_PHASE_STRIP = NO;
				DEBUG_INFORMATION_FORMAT = "dwarf-with-dsym";
				ENABLE_NS_ASSERTIONS = NO;
				ENABLE_STRICT_OBJC_MSGSEND = YES;
				ENABLE_USER_SCRIPT_SANDBOXING = YES;
				GCC_C_LANGUAGE_STANDARD = gnu17;
				GCC_NO_COMMON_BLOCKS = YES;
				GCC_WARN_64_TO_32_BIT_CONVERSION = YES;
				GCC_WARN_ABOUT_RETURN_TYPE = YES_ERROR;
				GCC_WARN_UNDECLARED_SELECTOR = YES;
				GCC_WARN_UNINITIALIZED_AUTOS = YES_AGGRESSIVE;
				GCC_WARN_UNUSED_FUNCTION = YES;
				GCC_WARN_UNUSED_VARIABLE = YES;
				LOCALIZATION_PREFERS_STRING_CATALOGS = YES;
				MTL_ENABLE_DEBUG_INFO = NO;
				MTL_FAST_MATH = YES;
				SWIFT_COMPILATION_MODE = wholemodule;
			};
			name = Release;
		};
		4D40190E2CEE15B300953487 /* Debug */ = {
			isa = XCBuildConfiguration;
			buildSettings = {
				ASSETCATALOG_COMPILER_APPICON_NAME = AppIcon;
				ASSETCATALOG_COMPILER_GLOBAL_ACCENT_COLOR_NAME = AccentColor;
				CODE_SIGN_ENTITLEMENTS = moshi/moshi.entitlements;
				"CODE_SIGN_IDENTITY[sdk=macosx*]" = "Apple Development";
				CODE_SIGN_STYLE = Automatic;
				CURRENT_PROJECT_VERSION = 1;
				DEVELOPMENT_ASSET_PATHS = "\"moshi/Preview Content\"";
				DEVELOPMENT_TEAM = 39SR8GZ3DK;
				ENABLE_HARDENED_RUNTIME = YES;
				ENABLE_PREVIEWS = YES;
				GENERATE_INFOPLIST_FILE = YES;
				INFOPLIST_KEY_CFBundleDisplayName = Moshi;
				INFOPLIST_KEY_GCSupportsGameMode = YES;
				INFOPLIST_KEY_LSApplicationCategoryType = "public.app-category.games";
				INFOPLIST_KEY_NSMicrophoneUsageDescription = "moshi needs to hear you!";
				"INFOPLIST_KEY_UIApplicationSceneManifest_Generation[sdk=iphoneos*]" = YES;
				"INFOPLIST_KEY_UIApplicationSceneManifest_Generation[sdk=iphonesimulator*]" = YES;
				"INFOPLIST_KEY_UIApplicationSupportsIndirectInputEvents[sdk=iphoneos*]" = YES;
				"INFOPLIST_KEY_UIApplicationSupportsIndirectInputEvents[sdk=iphonesimulator*]" = YES;
				"INFOPLIST_KEY_UILaunchScreen_Generation[sdk=iphoneos*]" = YES;
				"INFOPLIST_KEY_UILaunchScreen_Generation[sdk=iphonesimulator*]" = YES;
				"INFOPLIST_KEY_UIStatusBarStyle[sdk=iphoneos*]" = UIStatusBarStyleDefault;
				"INFOPLIST_KEY_UIStatusBarStyle[sdk=iphonesimulator*]" = UIStatusBarStyleDefault;
				INFOPLIST_KEY_UISupportedInterfaceOrientations_iPad = "UIInterfaceOrientationPortrait UIInterfaceOrientationPortraitUpsideDown UIInterfaceOrientationLandscapeLeft UIInterfaceOrientationLandscapeRight";
				INFOPLIST_KEY_UISupportedInterfaceOrientations_iPhone = "UIInterfaceOrientationPortrait UIInterfaceOrientationLandscapeLeft UIInterfaceOrientationLandscapeRight";
				IPHONEOS_DEPLOYMENT_TARGET = 18.1;
				LD_RUNPATH_SEARCH_PATHS = "@executable_path/Frameworks";
				"LD_RUNPATH_SEARCH_PATHS[sdk=macosx*]" = "@executable_path/../Frameworks";
				MACOSX_DEPLOYMENT_TARGET = 15.0;
				MARKETING_VERSION = 1.0;
				NSMicrophoneUsageDescription = YES;
				PRODUCT_BUNDLE_IDENTIFIER = org.kyutai.moshi3;
				PRODUCT_NAME = "$(TARGET_NAME)";
				SDKROOT = auto;
				SUPPORTED_PLATFORMS = "iphoneos iphonesimulator macosx xros xrsimulator";
				SWIFT_EMIT_LOC_STRINGS = YES;
				SWIFT_VERSION = 5.0;
				TARGETED_DEVICE_FAMILY = "1,2,7";
				XROS_DEPLOYMENT_TARGET = 2.1;
			};
			name = Debug;
		};
		4D40190F2CEE15B300953487 /* Release */ = {
			isa = XCBuildConfiguration;
			buildSettings = {
				ASSETCATALOG_COMPILER_APPICON_NAME = AppIcon;
				ASSETCATALOG_COMPILER_GLOBAL_ACCENT_COLOR_NAME = AccentColor;
				CODE_SIGN_ENTITLEMENTS = moshi/moshi.entitlements;
				"CODE_SIGN_IDENTITY[sdk=macosx*]" = "Apple Development";
				CODE_SIGN_STYLE = Automatic;
				CURRENT_PROJECT_VERSION = 1;
				DEVELOPMENT_ASSET_PATHS = "\"moshi/Preview Content\"";
				DEVELOPMENT_TEAM = 39SR8GZ3DK;
				ENABLE_HARDENED_RUNTIME = YES;
				ENABLE_PREVIEWS = YES;
				GENERATE_INFOPLIST_FILE = YES;
				INFOPLIST_KEY_CFBundleDisplayName = Moshi;
				INFOPLIST_KEY_GCSupportsGameMode = YES;
				INFOPLIST_KEY_LSApplicationCategoryType = "public.app-category.games";
				INFOPLIST_KEY_NSMicrophoneUsageDescription = "moshi needs to hear you!";
				"INFOPLIST_KEY_UIApplicationSceneManifest_Generation[sdk=iphoneos*]" = YES;
				"INFOPLIST_KEY_UIApplicationSceneManifest_Generation[sdk=iphonesimulator*]" = YES;
				"INFOPLIST_KEY_UIApplicationSupportsIndirectInputEvents[sdk=iphoneos*]" = YES;
				"INFOPLIST_KEY_UIApplicationSupportsIndirectInputEvents[sdk=iphonesimulator*]" = YES;
				"INFOPLIST_KEY_UILaunchScreen_Generation[sdk=iphoneos*]" = YES;
				"INFOPLIST_KEY_UILaunchScreen_Generation[sdk=iphonesimulator*]" = YES;
				"INFOPLIST_KEY_UIStatusBarStyle[sdk=iphoneos*]" = UIStatusBarStyleDefault;
				"INFOPLIST_KEY_UIStatusBarStyle[sdk=iphonesimulator*]" = UIStatusBarStyleDefault;
				INFOPLIST_KEY_UISupportedInterfaceOrientations_iPad = "UIInterfaceOrientationPortrait UIInterfaceOrientationPortraitUpsideDown UIInterfaceOrientationLandscapeLeft UIInterfaceOrientationLandscapeRight";
				INFOPLIST_KEY_UISupportedInterfaceOrientations_iPhone = "UIInterfaceOrientationPortrait UIInterfaceOrientationLandscapeLeft UIInterfaceOrientationLandscapeRight";
				IPHONEOS_DEPLOYMENT_TARGET = 18.1;
				LD_RUNPATH_SEARCH_PATHS = "@executable_path/Frameworks";
				"LD_RUNPATH_SEARCH_PATHS[sdk=macosx*]" = "@executable_path/../Frameworks";
				MACOSX_DEPLOYMENT_TARGET = 15.0;
				MARKETING_VERSION = 1.0;
				NSMicrophoneUsageDescription = YES;
				PRODUCT_BUNDLE_IDENTIFIER = org.kyutai.moshi3;
				PRODUCT_NAME = "$(TARGET_NAME)";
				SDKROOT = auto;
				SUPPORTED_PLATFORMS = "iphoneos iphonesimulator macosx xros xrsimulator";
				SWIFT_EMIT_LOC_STRINGS = YES;
				SWIFT_VERSION = 5.0;
				TARGETED_DEVICE_FAMILY = "1,2,7";
				XROS_DEPLOYMENT_TARGET = 2.1;
			};
			name = Release;
		};
		4D4019112CEE15B300953487 /* Debug */ = {
			isa = XCBuildConfiguration;
			buildSettings = {
				BUNDLE_LOADER = "$(TEST_HOST)";
				CODE_SIGN_STYLE = Automatic;
				CURRENT_PROJECT_VERSION = 1;
				DEVELOPMENT_TEAM = 97MZTT3Z24;
				GENERATE_INFOPLIST_FILE = YES;
				IPHONEOS_DEPLOYMENT_TARGET = 18.1;
				MACOSX_DEPLOYMENT_TARGET = 15.0;
				MARKETING_VERSION = 1.0;
				PRODUCT_BUNDLE_IDENTIFIER = org.kyutai.moshiTests;
				PRODUCT_NAME = "$(TARGET_NAME)";
				SDKROOT = auto;
				SUPPORTED_PLATFORMS = "iphoneos iphonesimulator macosx xros xrsimulator";
				SWIFT_EMIT_LOC_STRINGS = NO;
				SWIFT_VERSION = 5.0;
				TARGETED_DEVICE_FAMILY = "1,2,7";
				TEST_HOST = "$(BUILT_PRODUCTS_DIR)/moshi.app/$(BUNDLE_EXECUTABLE_FOLDER_PATH)/moshi";
				XROS_DEPLOYMENT_TARGET = 2.1;
			};
			name = Debug;
		};
		4D4019122CEE15B300953487 /* Release */ = {
			isa = XCBuildConfiguration;
			buildSettings = {
				BUNDLE_LOADER = "$(TEST_HOST)";
				CODE_SIGN_STYLE = Automatic;
				CURRENT_PROJECT_VERSION = 1;
				DEVELOPMENT_TEAM = 97MZTT3Z24;
				GENERATE_INFOPLIST_FILE = YES;
				IPHONEOS_DEPLOYMENT_TARGET = 18.1;
				MACOSX_DEPLOYMENT_TARGET = 15.0;
				MARKETING_VERSION = 1.0;
				PRODUCT_BUNDLE_IDENTIFIER = org.kyutai.moshiTests;
				PRODUCT_NAME = "$(TARGET_NAME)";
				SDKROOT = auto;
				SUPPORTED_PLATFORMS = "iphoneos iphonesimulator macosx xros xrsimulator";
				SWIFT_EMIT_LOC_STRINGS = NO;
				SWIFT_VERSION = 5.0;
				TARGETED_DEVICE_FAMILY = "1,2,7";
				TEST_HOST = "$(BUILT_PRODUCTS_DIR)/moshi.app/$(BUNDLE_EXECUTABLE_FOLDER_PATH)/moshi";
				XROS_DEPLOYMENT_TARGET = 2.1;
			};
			name = Release;
		};
		4D4019142CEE15B300953487 /* Debug */ = {
			isa = XCBuildConfiguration;
			buildSettings = {
				CODE_SIGN_STYLE = Automatic;
				CURRENT_PROJECT_VERSION = 1;
				DEVELOPMENT_TEAM = 97MZTT3Z24;
				GENERATE_INFOPLIST_FILE = YES;
				IPHONEOS_DEPLOYMENT_TARGET = 18.1;
				MACOSX_DEPLOYMENT_TARGET = 15.0;
				MARKETING_VERSION = 1.0;
				PRODUCT_BUNDLE_IDENTIFIER = org.kyutai.moshiUITests;
				PRODUCT_NAME = "$(TARGET_NAME)";
				SDKROOT = auto;
				SUPPORTED_PLATFORMS = "iphoneos iphonesimulator macosx xros xrsimulator";
				SWIFT_EMIT_LOC_STRINGS = NO;
				SWIFT_VERSION = 5.0;
				TARGETED_DEVICE_FAMILY = "1,2,7";
				TEST_TARGET_NAME = moshi;
				XROS_DEPLOYMENT_TARGET = 2.1;
			};
			name = Debug;
		};
		4D4019152CEE15B300953487 /* Release */ = {
			isa = XCBuildConfiguration;
			buildSettings = {
				CODE_SIGN_STYLE = Automatic;
				CURRENT_PROJECT_VERSION = 1;
				DEVELOPMENT_TEAM = 97MZTT3Z24;
				GENERATE_INFOPLIST_FILE = YES;
				IPHONEOS_DEPLOYMENT_TARGET = 18.1;
				MACOSX_DEPLOYMENT_TARGET = 15.0;
				MARKETING_VERSION = 1.0;
				PRODUCT_BUNDLE_IDENTIFIER = org.kyutai.moshiUITests;
				PRODUCT_NAME = "$(TARGET_NAME)";
				SDKROOT = auto;
				SUPPORTED_PLATFORMS = "iphoneos iphonesimulator macosx xros xrsimulator";
				SWIFT_EMIT_LOC_STRINGS = NO;
				SWIFT_VERSION = 5.0;
				TARGETED_DEVICE_FAMILY = "1,2,7";
				TEST_TARGET_NAME = moshi;
				XROS_DEPLOYMENT_TARGET = 2.1;
			};
			name = Release;
		};
		4D40192A2CEE1D8F00953487 /* Debug */ = {
			isa = XCBuildConfiguration;
			buildSettings = {
				"CODE_SIGN_IDENTITY[sdk=macosx*]" = "-";
				CODE_SIGN_STYLE = Automatic;
				DEVELOPMENT_TEAM = "";
				ENABLE_HARDENED_RUNTIME = YES;
				"LD_RUNPATH_SEARCH_PATHS[arch=*]" = "@executable_path/";
				MACOSX_DEPLOYMENT_TARGET = 15.0;
				PRODUCT_NAME = "$(TARGET_NAME)";
				SDKROOT = macosx;
				SWIFT_VERSION = 5.0;
			};
			name = Debug;
		};
		4D40192B2CEE1D8F00953487 /* Release */ = {
			isa = XCBuildConfiguration;
			buildSettings = {
				"CODE_SIGN_IDENTITY[sdk=macosx*]" = "-";
				CODE_SIGN_STYLE = Automatic;
				DEVELOPMENT_TEAM = "";
				ENABLE_HARDENED_RUNTIME = YES;
				"LD_RUNPATH_SEARCH_PATHS[arch=*]" = "@executable_path/";
				MACOSX_DEPLOYMENT_TARGET = 15.0;
				PRODUCT_NAME = "$(TARGET_NAME)";
				SDKROOT = macosx;
				SWIFT_VERSION = 5.0;
			};
			name = Release;
		};
		4D40194A2CEE1DDE00953487 /* Debug */ = {
			isa = XCBuildConfiguration;
			buildSettings = {
				ALLOW_TARGET_PLATFORM_SPECIALIZATION = YES;
				BUILD_LIBRARY_FOR_DISTRIBUTION = YES;
				CLANG_ALLOW_NON_MODULAR_INCLUDES_IN_FRAMEWORK_MODULES = YES;
				"CODE_SIGN_IDENTITY[sdk=macosx*]" = "Apple Development";
				CODE_SIGN_STYLE = Automatic;
				CURRENT_PROJECT_VERSION = 1;
				DEFINES_MODULE = YES;
				DEVELOPMENT_TEAM = "";
				DYLIB_COMPATIBILITY_VERSION = 1;
				DYLIB_CURRENT_VERSION = 1;
				DYLIB_INSTALL_NAME_BASE = "@rpath";
				ENABLE_MODULE_VERIFIER = YES;
				GENERATE_INFOPLIST_FILE = YES;
				INFOPLIST_KEY_NSHumanReadableCopyright = "";
				INSTALL_PATH = "$(LOCAL_LIBRARY_DIR)/Frameworks";
				IPHONEOS_DEPLOYMENT_TARGET = 18.1;
				LD_RUNPATH_SEARCH_PATHS = (
					"@executable_path/Frameworks",
					"@loader_path/Frameworks",
				);
				"LD_RUNPATH_SEARCH_PATHS[sdk=macosx*]" = (
					"@executable_path/../Frameworks",
					"@loader_path/Frameworks",
				);
				MACH_O_TYPE = staticlib;
				MACOSX_DEPLOYMENT_TARGET = 15.0;
				MARKETING_VERSION = 1.0;
				MODULE_VERIFIER_SUPPORTED_LANGUAGES = "objective-c objective-c++";
				MODULE_VERIFIER_SUPPORTED_LANGUAGE_STANDARDS = "gnu17 gnu++20";
				"OTHER_SWIFT_FLAGS[arch=*]" = "-no-verify-emitted-module-interface";
				PRODUCT_BUNDLE_IDENTIFIER = "org.kyutai.moshi-lib";
				PRODUCT_NAME = "$(TARGET_NAME:c99extidentifier)";
				SDKROOT = auto;
				SKIP_INSTALL = YES;
				SUPPORTED_PLATFORMS = "iphoneos iphonesimulator macosx xros xrsimulator";
				SWIFT_EMIT_LOC_STRINGS = YES;
				SWIFT_INSTALL_OBJC_HEADER = NO;
				SWIFT_VERSION = 5.0;
				TARGETED_DEVICE_FAMILY = "1,2,7";
				VERSIONING_SYSTEM = "apple-generic";
				VERSION_INFO_PREFIX = "";
				XROS_DEPLOYMENT_TARGET = 2.1;
			};
			name = Debug;
		};
		4D40194B2CEE1DDE00953487 /* Release */ = {
			isa = XCBuildConfiguration;
			buildSettings = {
				ALLOW_TARGET_PLATFORM_SPECIALIZATION = YES;
				BUILD_LIBRARY_FOR_DISTRIBUTION = YES;
				CLANG_ALLOW_NON_MODULAR_INCLUDES_IN_FRAMEWORK_MODULES = YES;
				"CODE_SIGN_IDENTITY[sdk=macosx*]" = "Apple Development";
				CODE_SIGN_STYLE = Automatic;
				CURRENT_PROJECT_VERSION = 1;
				DEFINES_MODULE = YES;
				DEVELOPMENT_TEAM = "";
				DYLIB_COMPATIBILITY_VERSION = 1;
				DYLIB_CURRENT_VERSION = 1;
				DYLIB_INSTALL_NAME_BASE = "@rpath";
				ENABLE_MODULE_VERIFIER = YES;
				GENERATE_INFOPLIST_FILE = YES;
				INFOPLIST_KEY_NSHumanReadableCopyright = "";
				INSTALL_PATH = "$(LOCAL_LIBRARY_DIR)/Frameworks";
				IPHONEOS_DEPLOYMENT_TARGET = 18.1;
				LD_RUNPATH_SEARCH_PATHS = (
					"@executable_path/Frameworks",
					"@loader_path/Frameworks",
				);
				"LD_RUNPATH_SEARCH_PATHS[sdk=macosx*]" = (
					"@executable_path/../Frameworks",
					"@loader_path/Frameworks",
				);
				MACH_O_TYPE = staticlib;
				MACOSX_DEPLOYMENT_TARGET = 15.0;
				MARKETING_VERSION = 1.0;
				MODULE_VERIFIER_SUPPORTED_LANGUAGES = "objective-c objective-c++";
				MODULE_VERIFIER_SUPPORTED_LANGUAGE_STANDARDS = "gnu17 gnu++20";
				"OTHER_SWIFT_FLAGS[arch=*]" = "-no-verify-emitted-module-interface";
				PRODUCT_BUNDLE_IDENTIFIER = "org.kyutai.moshi-lib";
				PRODUCT_NAME = "$(TARGET_NAME:c99extidentifier)";
				SDKROOT = auto;
				SKIP_INSTALL = YES;
				SUPPORTED_PLATFORMS = "iphoneos iphonesimulator macosx xros xrsimulator";
				SWIFT_EMIT_LOC_STRINGS = YES;
				SWIFT_INSTALL_OBJC_HEADER = NO;
				SWIFT_VERSION = 5.0;
				TARGETED_DEVICE_FAMILY = "1,2,7";
				VERSIONING_SYSTEM = "apple-generic";
				VERSION_INFO_PREFIX = "";
				XROS_DEPLOYMENT_TARGET = 2.1;
			};
			name = Release;
		};
		4D40194E2CEE1DDE00953487 /* Debug */ = {
			isa = XCBuildConfiguration;
			buildSettings = {
				ALLOW_TARGET_PLATFORM_SPECIALIZATION = YES;
				CODE_SIGN_STYLE = Automatic;
				CURRENT_PROJECT_VERSION = 1;
				DEVELOPMENT_TEAM = 97MZTT3Z24;
				GENERATE_INFOPLIST_FILE = YES;
				IPHONEOS_DEPLOYMENT_TARGET = 18.1;
				MACOSX_DEPLOYMENT_TARGET = 15.0;
				MARKETING_VERSION = 1.0;
				PRODUCT_BUNDLE_IDENTIFIER = "org.kyutai.moshi-libTests";
				PRODUCT_NAME = "$(TARGET_NAME)";
				SDKROOT = auto;
				SUPPORTED_PLATFORMS = "iphoneos iphonesimulator macosx xros xrsimulator";
				SWIFT_EMIT_LOC_STRINGS = NO;
				SWIFT_VERSION = 5.0;
				TARGETED_DEVICE_FAMILY = "1,2,7";
				TEST_HOST = "$(BUILT_PRODUCTS_DIR)/moshi.app/$(BUNDLE_EXECUTABLE_FOLDER_PATH)/moshi";
				XROS_DEPLOYMENT_TARGET = 2.1;
			};
			name = Debug;
		};
		4D40194F2CEE1DDE00953487 /* Release */ = {
			isa = XCBuildConfiguration;
			buildSettings = {
				ALLOW_TARGET_PLATFORM_SPECIALIZATION = YES;
				CODE_SIGN_STYLE = Automatic;
				CURRENT_PROJECT_VERSION = 1;
				DEVELOPMENT_TEAM = 97MZTT3Z24;
				GENERATE_INFOPLIST_FILE = YES;
				IPHONEOS_DEPLOYMENT_TARGET = 18.1;
				MACOSX_DEPLOYMENT_TARGET = 15.0;
				MARKETING_VERSION = 1.0;
				PRODUCT_BUNDLE_IDENTIFIER = "org.kyutai.moshi-libTests";
				PRODUCT_NAME = "$(TARGET_NAME)";
				SDKROOT = auto;
				SUPPORTED_PLATFORMS = "iphoneos iphonesimulator macosx xros xrsimulator";
				SWIFT_EMIT_LOC_STRINGS = NO;
				SWIFT_VERSION = 5.0;
				TARGETED_DEVICE_FAMILY = "1,2,7";
				TEST_HOST = "$(BUILT_PRODUCTS_DIR)/moshi.app/$(BUNDLE_EXECUTABLE_FOLDER_PATH)/moshi";
				XROS_DEPLOYMENT_TARGET = 2.1;
			};
			name = Release;
		};
/* End XCBuildConfiguration section */

/* Begin XCConfigurationList section */
		4D4018E32CEE15B100953487 /* Build configuration list for PBXProject "moshi" */ = {
			isa = XCConfigurationList;
			buildConfigurations = (
				4D40190B2CEE15B300953487 /* Debug */,
				4D40190C2CEE15B300953487 /* Release */,
			);
			defaultConfigurationIsVisible = 0;
			defaultConfigurationName = Release;
		};
		4D40190D2CEE15B300953487 /* Build configuration list for PBXNativeTarget "Moshi" */ = {
			isa = XCConfigurationList;
			buildConfigurations = (
				4D40190E2CEE15B300953487 /* Debug */,
				4D40190F2CEE15B300953487 /* Release */,
			);
			defaultConfigurationIsVisible = 0;
			defaultConfigurationName = Release;
		};
		4D4019102CEE15B300953487 /* Build configuration list for PBXNativeTarget "MoshiTests" */ = {
			isa = XCConfigurationList;
			buildConfigurations = (
				4D4019112CEE15B300953487 /* Debug */,
				4D4019122CEE15B300953487 /* Release */,
			);
			defaultConfigurationIsVisible = 0;
			defaultConfigurationName = Release;
		};
		4D4019132CEE15B300953487 /* Build configuration list for PBXNativeTarget "MoshiUITests" */ = {
			isa = XCConfigurationList;
			buildConfigurations = (
				4D4019142CEE15B300953487 /* Debug */,
				4D4019152CEE15B300953487 /* Release */,
			);
			defaultConfigurationIsVisible = 0;
			defaultConfigurationName = Release;
		};
		4D4019292CEE1D8F00953487 /* Build configuration list for PBXNativeTarget "MoshiCLI" */ = {
			isa = XCConfigurationList;
			buildConfigurations = (
				4D40192A2CEE1D8F00953487 /* Debug */,
				4D40192B2CEE1D8F00953487 /* Release */,
			);
			defaultConfigurationIsVisible = 0;
			defaultConfigurationName = Release;
		};
		4D4019492CEE1DDE00953487 /* Build configuration list for PBXNativeTarget "MoshiLib" */ = {
			isa = XCConfigurationList;
			buildConfigurations = (
				4D40194A2CEE1DDE00953487 /* Debug */,
				4D40194B2CEE1DDE00953487 /* Release */,
			);
			defaultConfigurationIsVisible = 0;
			defaultConfigurationName = Release;
		};
		4D40194D2CEE1DDE00953487 /* Build configuration list for PBXNativeTarget "MoshiLibTests" */ = {
			isa = XCConfigurationList;
			buildConfigurations = (
				4D40194E2CEE1DDE00953487 /* Debug */,
				4D40194F2CEE1DDE00953487 /* Release */,
			);
			defaultConfigurationIsVisible = 0;
			defaultConfigurationName = Release;
		};
/* End XCConfigurationList section */

/* Begin XCRemoteSwiftPackageReference section */
		4D4019162CEE17CD00953487 /* XCRemoteSwiftPackageReference "mlx-swift" */ = {
			isa = XCRemoteSwiftPackageReference;
			repositoryURL = "https://github.com/ml-explore/mlx-swift";
			requirement = {
				kind = upToNextMajorVersion;
				minimumVersion = 0.21.0;
			};
		};
		4DA4FF532CEF13740039339E /* XCRemoteSwiftPackageReference "swift-numerics" */ = {
			isa = XCRemoteSwiftPackageReference;
			repositoryURL = "https://github.com/apple/swift-numerics.git";
			requirement = {
				kind = upToNextMajorVersion;
				minimumVersion = 1.0.2;
			};
		};
		4DA4FF742CEF199C0039339E /* XCRemoteSwiftPackageReference "swift-transformers" */ = {
			isa = XCRemoteSwiftPackageReference;
			repositoryURL = "https://github.com/huggingface/swift-transformers";
			requirement = {
				kind = upToNextMajorVersion;
				minimumVersion = 0.1.14;
			};
		};
		4DC43DF62D15523800BD6CB3 /* XCRemoteSwiftPackageReference "swift-argument-parser" */ = {
			isa = XCRemoteSwiftPackageReference;
			repositoryURL = "https://github.com/apple/swift-argument-parser.git";
			requirement = {
				kind = upToNextMajorVersion;
				minimumVersion = 1.5.0;
			};
		};
/* End XCRemoteSwiftPackageReference section */

/* Begin XCSwiftPackageProductDependency section */
		4D4019172CEE17CD00953487 /* MLX */ = {
			isa = XCSwiftPackageProductDependency;
			package = 4D4019162CEE17CD00953487 /* XCRemoteSwiftPackageReference "mlx-swift" */;
			productName = MLX;
		};
		4D4019192CEE17CD00953487 /* MLXFFT */ = {
			isa = XCSwiftPackageProductDependency;
			package = 4D4019162CEE17CD00953487 /* XCRemoteSwiftPackageReference "mlx-swift" */;
			productName = MLXFFT;
		};
		4D40191B2CEE17CD00953487 /* MLXFast */ = {
			isa = XCSwiftPackageProductDependency;
			package = 4D4019162CEE17CD00953487 /* XCRemoteSwiftPackageReference "mlx-swift" */;
			productName = MLXFast;
		};
		4D40191D2CEE17CD00953487 /* MLXLinalg */ = {
			isa = XCSwiftPackageProductDependency;
			package = 4D4019162CEE17CD00953487 /* XCRemoteSwiftPackageReference "mlx-swift" */;
			productName = MLXLinalg;
		};
		4D40191F2CEE17CD00953487 /* MLXNN */ = {
			isa = XCSwiftPackageProductDependency;
			package = 4D4019162CEE17CD00953487 /* XCRemoteSwiftPackageReference "mlx-swift" */;
			productName = MLXNN;
		};
		4D4019512CEE1DFB00953487 /* MLX */ = {
			isa = XCSwiftPackageProductDependency;
			package = 4D4019162CEE17CD00953487 /* XCRemoteSwiftPackageReference "mlx-swift" */;
			productName = MLX;
		};
		4D4019532CEE1DFB00953487 /* MLXFast */ = {
			isa = XCSwiftPackageProductDependency;
			package = 4D4019162CEE17CD00953487 /* XCRemoteSwiftPackageReference "mlx-swift" */;
			productName = MLXFast;
		};
		4D4019552CEE1DFB00953487 /* MLXFFT */ = {
			isa = XCSwiftPackageProductDependency;
			package = 4D4019162CEE17CD00953487 /* XCRemoteSwiftPackageReference "mlx-swift" */;
			productName = MLXFFT;
		};
		4D4019572CEE1DFB00953487 /* MLXLinalg */ = {
			isa = XCSwiftPackageProductDependency;
			package = 4D4019162CEE17CD00953487 /* XCRemoteSwiftPackageReference "mlx-swift" */;
			productName = MLXLinalg;
		};
		4D4019592CEE1DFB00953487 /* MLXNN */ = {
			isa = XCSwiftPackageProductDependency;
			package = 4D4019162CEE17CD00953487 /* XCRemoteSwiftPackageReference "mlx-swift" */;
			productName = MLXNN;
		};
		4D40195B2CEE1DFB00953487 /* MLXOptimizers */ = {
			isa = XCSwiftPackageProductDependency;
			package = 4D4019162CEE17CD00953487 /* XCRemoteSwiftPackageReference "mlx-swift" */;
			productName = MLXOptimizers;
		};
		4D40195D2CEE1DFB00953487 /* MLXRandom */ = {
			isa = XCSwiftPackageProductDependency;
			package = 4D4019162CEE17CD00953487 /* XCRemoteSwiftPackageReference "mlx-swift" */;
			productName = MLXRandom;
		};
		4D7E86EF2CF9CE8700DAA2F0 /* Transformers */ = {
			isa = XCSwiftPackageProductDependency;
			package = 4DA4FF742CEF199C0039339E /* XCRemoteSwiftPackageReference "swift-transformers" */;
			productName = Transformers;
		};
		4DA4FF5A2CEF13A00039339E /* MLX */ = {
			isa = XCSwiftPackageProductDependency;
			package = 4D4019162CEE17CD00953487 /* XCRemoteSwiftPackageReference "mlx-swift" */;
			productName = MLX;
		};
		4DA4FF5C2CEF13A00039339E /* MLXFast */ = {
			isa = XCSwiftPackageProductDependency;
			package = 4D4019162CEE17CD00953487 /* XCRemoteSwiftPackageReference "mlx-swift" */;
			productName = MLXFast;
		};
		4DA4FF5E2CEF13A00039339E /* MLXFFT */ = {
			isa = XCSwiftPackageProductDependency;
			package = 4D4019162CEE17CD00953487 /* XCRemoteSwiftPackageReference "mlx-swift" */;
			productName = MLXFFT;
		};
		4DA4FF602CEF13A00039339E /* MLXLinalg */ = {
			isa = XCSwiftPackageProductDependency;
			package = 4D4019162CEE17CD00953487 /* XCRemoteSwiftPackageReference "mlx-swift" */;
			productName = MLXLinalg;
		};
		4DA4FF622CEF13A00039339E /* MLXNN */ = {
			isa = XCSwiftPackageProductDependency;
			package = 4D4019162CEE17CD00953487 /* XCRemoteSwiftPackageReference "mlx-swift" */;
			productName = MLXNN;
		};
		4DA4FF642CEF13A00039339E /* MLXOptimizers */ = {
			isa = XCSwiftPackageProductDependency;
			package = 4D4019162CEE17CD00953487 /* XCRemoteSwiftPackageReference "mlx-swift" */;
			productName = MLXOptimizers;
		};
		4DA4FF662CEF13A00039339E /* MLXRandom */ = {
			isa = XCSwiftPackageProductDependency;
			package = 4D4019162CEE17CD00953487 /* XCRemoteSwiftPackageReference "mlx-swift" */;
			productName = MLXRandom;
		};
		4DA4FF682CEF162C0039339E /* ComplexModule */ = {
			isa = XCSwiftPackageProductDependency;
			package = 4DA4FF532CEF13740039339E /* XCRemoteSwiftPackageReference "swift-numerics" */;
			productName = ComplexModule;
		};
		4DA4FF6A2CEF162C0039339E /* Numerics */ = {
			isa = XCSwiftPackageProductDependency;
			package = 4DA4FF532CEF13740039339E /* XCRemoteSwiftPackageReference "swift-numerics" */;
			productName = Numerics;
		};
		4DA4FF6C2CEF162C0039339E /* RealModule */ = {
			isa = XCSwiftPackageProductDependency;
			package = 4DA4FF532CEF13740039339E /* XCRemoteSwiftPackageReference "swift-numerics" */;
			productName = RealModule;
		};
		4DA4FF6E2CEF17DA0039339E /* Numerics */ = {
			isa = XCSwiftPackageProductDependency;
			package = 4DA4FF532CEF13740039339E /* XCRemoteSwiftPackageReference "swift-numerics" */;
			productName = Numerics;
		};
		4DA4FF702CEF183C0039339E /* ComplexModule */ = {
			isa = XCSwiftPackageProductDependency;
			package = 4DA4FF532CEF13740039339E /* XCRemoteSwiftPackageReference "swift-numerics" */;
			productName = ComplexModule;
		};
		4DA4FF722CEF18400039339E /* RealModule */ = {
			isa = XCSwiftPackageProductDependency;
			package = 4DA4FF532CEF13740039339E /* XCRemoteSwiftPackageReference "swift-numerics" */;
			productName = RealModule;
		};
		4DA4FF752CEF199C0039339E /* Transformers */ = {
			isa = XCSwiftPackageProductDependency;
			package = 4DA4FF742CEF199C0039339E /* XCRemoteSwiftPackageReference "swift-transformers" */;
			productName = Transformers;
		};
		4DC43DF72D15523800BD6CB3 /* ArgumentParser */ = {
			isa = XCSwiftPackageProductDependency;
			package = 4DC43DF62D15523800BD6CB3 /* XCRemoteSwiftPackageReference "swift-argument-parser" */;
			productName = ArgumentParser;
		};
/* End XCSwiftPackageProductDependency section */
	};
	rootObject = 4D4018E02CEE15B100953487 /* Project object */;
}
